// !$*UTF8*$!
{
	archiveVersion = 1;
	classes = {
	};
	objectVersion = 50;
	objects = {

/* Begin PBXBuildFile section */
		E91C101D22CED08D0052B25D /* Alerts.swift in Sources */ = {isa = PBXBuildFile; fileRef = E91C101C22CED08D0052B25D /* Alerts.swift */; };
		E91C101F22CED2740052B25D /* imageCell.swift in Sources */ = {isa = PBXBuildFile; fileRef = E91C101E22CED2740052B25D /* imageCell.swift */; };
		E91C102122CED5490052B25D /* Image.swift in Sources */ = {isa = PBXBuildFile; fileRef = E91C102022CED5490052B25D /* Image.swift */; };
		E91F185F22E0D8C4002BACCF /* CheckInternetConnection.swift in Sources */ = {isa = PBXBuildFile; fileRef = E91F185E22E0D8C4002BACCF /* CheckInternetConnection.swift */; };
		E9C9D78422C978DA00C0B59E /* AppDelegate.swift in Sources */ = {isa = PBXBuildFile; fileRef = E9C9D78322C978DA00C0B59E /* AppDelegate.swift */; };
		E9C9D78622C978DA00C0B59E /* MapViewController.swift in Sources */ = {isa = PBXBuildFile; fileRef = E9C9D78522C978DA00C0B59E /* MapViewController.swift */; };
		E9C9D78922C978DA00C0B59E /* Main.storyboard in Resources */ = {isa = PBXBuildFile; fileRef = E9C9D78722C978DA00C0B59E /* Main.storyboard */; };
		E9C9D78B22C978DC00C0B59E /* Assets.xcassets in Resources */ = {isa = PBXBuildFile; fileRef = E9C9D78A22C978DC00C0B59E /* Assets.xcassets */; };
		E9C9D78E22C978DC00C0B59E /* LaunchScreen.storyboard in Resources */ = {isa = PBXBuildFile; fileRef = E9C9D78C22C978DC00C0B59E /* LaunchScreen.storyboard */; };
		E9C9D79B22C987BD00C0B59E /* FlickrAPI_Constants.swift in Sources */ = {isa = PBXBuildFile; fileRef = E9C9D79A22C987BD00C0B59E /* FlickrAPI_Constants.swift */; };
		E9C9D79E22C9C7E300C0B59E /* FlickrAPI.swift in Sources */ = {isa = PBXBuildFile; fileRef = E9C9D79D22C9C7E300C0B59E /* FlickrAPI.swift */; };
		E9C9D7A022CA322F00C0B59E /* PhotosViewController.swift in Sources */ = {isa = PBXBuildFile; fileRef = E9C9D79F22CA322F00C0B59E /* PhotosViewController.swift */; };
		E9C9D7A322CA33A100C0B59E /* Virtual-Tourist.xcdatamodeld in Sources */ = {isa = PBXBuildFile; fileRef = E9C9D7A122CA33A100C0B59E /* Virtual-Tourist.xcdatamodeld */; };
		E9C9D7A622CA34B300C0B59E /* DataController.swift in Sources */ = {isa = PBXBuildFile; fileRef = E9C9D7A522CA34B300C0B59E /* DataController.swift */; };
		E9C9D7A822CA363E00C0B59E /* Pin.swift in Sources */ = {isa = PBXBuildFile; fileRef = E9C9D7A722CA363E00C0B59E /* Pin.swift */; };
		E9C9D7AB22CA369300C0B59E /* Photos.swift in Sources */ = {isa = PBXBuildFile; fileRef = E9C9D7AA22CA369300C0B59E /* Photos.swift */; };
/* End PBXBuildFile section */

/* Begin PBXFileReference section */
		E91C101C22CED08D0052B25D /* Alerts.swift */ = {isa = PBXFileReference; lastKnownFileType = sourcecode.swift; path = Alerts.swift; sourceTree = "<group>"; };
		E91C101E22CED2740052B25D /* imageCell.swift */ = {isa = PBXFileReference; lastKnownFileType = sourcecode.swift; path = imageCell.swift; sourceTree = "<group>"; };
		E91C102022CED5490052B25D /* Image.swift */ = {isa = PBXFileReference; lastKnownFileType = sourcecode.swift; path = Image.swift; sourceTree = "<group>"; };
		E91F185E22E0D8C4002BACCF /* CheckInternetConnection.swift */ = {isa = PBXFileReference; lastKnownFileType = sourcecode.swift; path = CheckInternetConnection.swift; sourceTree = "<group>"; };
		E9C9D78022C978DA00C0B59E /* VirtualTourist.app */ = {isa = PBXFileReference; explicitFileType = wrapper.application; includeInIndex = 0; path = VirtualTourist.app; sourceTree = BUILT_PRODUCTS_DIR; };
		E9C9D78322C978DA00C0B59E /* AppDelegate.swift */ = {isa = PBXFileReference; lastKnownFileType = sourcecode.swift; path = AppDelegate.swift; sourceTree = "<group>"; };
		E9C9D78522C978DA00C0B59E /* MapViewController.swift */ = {isa = PBXFileReference; lastKnownFileType = sourcecode.swift; path = MapViewController.swift; sourceTree = "<group>"; };
		E9C9D78822C978DA00C0B59E /* Base */ = {isa = PBXFileReference; lastKnownFileType = file.storyboard; name = Base; path = Base.lproj/Main.storyboard; sourceTree = "<group>"; };
		E9C9D78A22C978DC00C0B59E /* Assets.xcassets */ = {isa = PBXFileReference; lastKnownFileType = folder.assetcatalog; path = Assets.xcassets; sourceTree = "<group>"; };
		E9C9D78D22C978DC00C0B59E /* Base */ = {isa = PBXFileReference; lastKnownFileType = file.storyboard; name = Base; path = Base.lproj/LaunchScreen.storyboard; sourceTree = "<group>"; };
		E9C9D78F22C978DC00C0B59E /* Info.plist */ = {isa = PBXFileReference; lastKnownFileType = text.plist.xml; path = Info.plist; sourceTree = "<group>"; };
		E9C9D79A22C987BD00C0B59E /* FlickrAPI_Constants.swift */ = {isa = PBXFileReference; lastKnownFileType = sourcecode.swift; path = FlickrAPI_Constants.swift; sourceTree = "<group>"; };
		E9C9D79D22C9C7E300C0B59E /* FlickrAPI.swift */ = {isa = PBXFileReference; lastKnownFileType = sourcecode.swift; path = FlickrAPI.swift; sourceTree = "<group>"; };
		E9C9D79F22CA322F00C0B59E /* PhotosViewController.swift */ = {isa = PBXFileReference; lastKnownFileType = sourcecode.swift; path = PhotosViewController.swift; sourceTree = "<group>"; };
		E9C9D7A222CA33A100C0B59E /* Virtual-Tourist.xcdatamodel */ = {isa = PBXFileReference; lastKnownFileType = wrapper.xcdatamodel; path = "Virtual-Tourist.xcdatamodel"; sourceTree = "<group>"; };
		E9C9D7A522CA34B300C0B59E /* DataController.swift */ = {isa = PBXFileReference; lastKnownFileType = sourcecode.swift; path = DataController.swift; sourceTree = "<group>"; };
		E9C9D7A722CA363E00C0B59E /* Pin.swift */ = {isa = PBXFileReference; lastKnownFileType = sourcecode.swift; path = Pin.swift; sourceTree = "<group>"; };
		E9C9D7AA22CA369300C0B59E /* Photos.swift */ = {isa = PBXFileReference; lastKnownFileType = sourcecode.swift; path = Photos.swift; sourceTree = "<group>"; };
/* End PBXFileReference section */

/* Begin PBXFrameworksBuildPhase section */
		E9C9D77D22C978DA00C0B59E /* Frameworks */ = {
			isa = PBXFrameworksBuildPhase;
			buildActionMask = 2147483647;
			files = (
			);
			runOnlyForDeploymentPostprocessing = 0;
		};
/* End PBXFrameworksBuildPhase section */

/* Begin PBXGroup section */
		E9C9D77722C978DA00C0B59E = {
			isa = PBXGroup;
			children = (
				E9C9D78222C978DA00C0B59E /* VirtualTourist */,
				E9C9D78122C978DA00C0B59E /* Products */,
			);
			sourceTree = "<group>";
		};
		E9C9D78122C978DA00C0B59E /* Products */ = {
			isa = PBXGroup;
			children = (
				E9C9D78022C978DA00C0B59E /* VirtualTourist.app */,
			);
			name = Products;
			sourceTree = "<group>";
		};
		E9C9D78222C978DA00C0B59E /* VirtualTourist */ = {
			isa = PBXGroup;
			children = (
				E9C9D78322C978DA00C0B59E /* AppDelegate.swift */,
				E9C9D79722C9862C00C0B59E /* Models */,
				E9C9D7A922CA364600C0B59E /* Extensions */,
				E9C9D79622C9860F00C0B59E /* Views */,
				E9C9D79822C9863700C0B59E /* Controllers */,
				E9C9D79922C9865700C0B59E /* Assets */,
				E9C9D78F22C978DC00C0B59E /* Info.plist */,
			);
			path = VirtualTourist;
			sourceTree = "<group>";
		};
		E9C9D79522C9793100C0B59E /* Storyboard */ = {
			isa = PBXGroup;
			children = (
				E9C9D78722C978DA00C0B59E /* Main.storyboard */,
				E9C9D78C22C978DC00C0B59E /* LaunchScreen.storyboard */,
			);
			path = Storyboard;
			sourceTree = "<group>";
		};
		E9C9D79622C9860F00C0B59E /* Views */ = {
			isa = PBXGroup;
			children = (
				E91C101E22CED2740052B25D /* imageCell.swift */,
				E91C102022CED5490052B25D /* Image.swift */,
				E9C9D79522C9793100C0B59E /* Storyboard */,
			);
			path = Views;
			sourceTree = "<group>";
		};
		E9C9D79722C9862C00C0B59E /* Models */ = {
			isa = PBXGroup;
			children = (
				E9C9D7A422CA348900C0B59E /* CoreData */,
				E9C9D79C22C987C500C0B59E /* FlickerAPI */,
			);
			path = Models;
			sourceTree = "<group>";
		};
		E9C9D79822C9863700C0B59E /* Controllers */ = {
			isa = PBXGroup;
			children = (
				E9C9D78522C978DA00C0B59E /* MapViewController.swift */,
				E9C9D79F22CA322F00C0B59E /* PhotosViewController.swift */,
			);
			path = Controllers;
			sourceTree = "<group>";
		};
		E9C9D79922C9865700C0B59E /* Assets */ = {
			isa = PBXGroup;
			children = (
				E9C9D78A22C978DC00C0B59E /* Assets.xcassets */,
			);
			path = Assets;
			sourceTree = "<group>";
		};
		E9C9D79C22C987C500C0B59E /* FlickerAPI */ = {
			isa = PBXGroup;
			children = (
				E9C9D79A22C987BD00C0B59E /* FlickrAPI_Constants.swift */,
				E9C9D79D22C9C7E300C0B59E /* FlickrAPI.swift */,
			);
			path = FlickerAPI;
			sourceTree = "<group>";
		};
		E9C9D7A422CA348900C0B59E /* CoreData */ = {
			isa = PBXGroup;
			children = (
				E9C9D7A122CA33A100C0B59E /* Virtual-Tourist.xcdatamodeld */,
				E9C9D7A522CA34B300C0B59E /* DataController.swift */,
			);
			path = CoreData;
			sourceTree = "<group>";
		};
		E9C9D7A922CA364600C0B59E /* Extensions */ = {
			isa = PBXGroup;
			children = (
				E9C9D7A722CA363E00C0B59E /* Pin.swift */,
				E9C9D7AA22CA369300C0B59E /* Photos.swift */,
				E91C101C22CED08D0052B25D /* Alerts.swift */,
				E91F185E22E0D8C4002BACCF /* CheckInternetConnection.swift */,
			);
			path = Extensions;
			sourceTree = "<group>";
		};
/* End PBXGroup section */

/* Begin PBXNativeTarget section */
		E9C9D77F22C978DA00C0B59E /* VirtualTourist */ = {
			isa = PBXNativeTarget;
			buildConfigurationList = E9C9D79222C978DC00C0B59E /* Build configuration list for PBXNativeTarget "VirtualTourist" */;
			buildPhases = (
				E9C9D77C22C978DA00C0B59E /* Sources */,
				E9C9D77D22C978DA00C0B59E /* Frameworks */,
				E9C9D77E22C978DA00C0B59E /* Resources */,
			);
			buildRules = (
			);
			dependencies = (
			);
			name = VirtualTourist;
			productName = VirtualTourist;
			productReference = E9C9D78022C978DA00C0B59E /* VirtualTourist.app */;
			productType = "com.apple.product-type.application";
		};
/* End PBXNativeTarget section */

/* Begin PBXProject section */
		E9C9D77822C978DA00C0B59E /* Project object */ = {
			isa = PBXProject;
			attributes = {
				LastSwiftUpdateCheck = 1020;
				LastUpgradeCheck = 1020;
				ORGANIZATIONNAME = Udacity;
				TargetAttributes = {
					E9C9D77F22C978DA00C0B59E = {
						CreatedOnToolsVersion = 10.2.1;
					};
				};
			};
			buildConfigurationList = E9C9D77B22C978DA00C0B59E /* Build configuration list for PBXProject "VirtualTourist" */;
			compatibilityVersion = "Xcode 9.3";
			developmentRegion = en;
			hasScannedForEncodings = 0;
			knownRegions = (
				en,
				Base,
			);
			mainGroup = E9C9D77722C978DA00C0B59E;
			productRefGroup = E9C9D78122C978DA00C0B59E /* Products */;
			projectDirPath = "";
			projectRoot = "";
			targets = (
				E9C9D77F22C978DA00C0B59E /* VirtualTourist */,
			);
		};
/* End PBXProject section */

/* Begin PBXResourcesBuildPhase section */
		E9C9D77E22C978DA00C0B59E /* Resources */ = {
			isa = PBXResourcesBuildPhase;
			buildActionMask = 2147483647;
			files = (
				E9C9D78E22C978DC00C0B59E /* LaunchScreen.storyboard in Resources */,
				E9C9D78B22C978DC00C0B59E /* Assets.xcassets in Resources */,
				E9C9D78922C978DA00C0B59E /* Main.storyboard in Resources */,
			);
			runOnlyForDeploymentPostprocessing = 0;
		};
/* End PBXResourcesBuildPhase section */

/* Begin PBXSourcesBuildPhase section */
		E9C9D77C22C978DA00C0B59E /* Sources */ = {
			isa = PBXSourcesBuildPhase;
			buildActionMask = 2147483647;
			files = (
				E9C9D7AB22CA369300C0B59E /* Photos.swift in Sources */,
				E9C9D7A622CA34B300C0B59E /* DataController.swift in Sources */,
				E9C9D79B22C987BD00C0B59E /* FlickrAPI_Constants.swift in Sources */,
				E9C9D78622C978DA00C0B59E /* MapViewController.swift in Sources */,
				E9C9D7A822CA363E00C0B59E /* Pin.swift in Sources */,
				E91C102122CED5490052B25D /* Image.swift in Sources */,
				E91C101F22CED2740052B25D /* imageCell.swift in Sources */,
				E9C9D78422C978DA00C0B59E /* AppDelegate.swift in Sources */,
				E91C101D22CED08D0052B25D /* Alerts.swift in Sources */,
				E9C9D79E22C9C7E300C0B59E /* FlickrAPI.swift in Sources */,
				E91F185F22E0D8C4002BACCF /* CheckInternetConnection.swift in Sources */,
				E9C9D7A322CA33A100C0B59E /* Virtual-Tourist.xcdatamodeld in Sources */,
				E9C9D7A022CA322F00C0B59E /* PhotosViewController.swift in Sources */,
			);
			runOnlyForDeploymentPostprocessing = 0;
		};
/* End PBXSourcesBuildPhase section */

/* Begin PBXVariantGroup section */
		E9C9D78722C978DA00C0B59E /* Main.storyboard */ = {
			isa = PBXVariantGroup;
			children = (
				E9C9D78822C978DA00C0B59E /* Base */,
			);
			name = Main.storyboard;
			sourceTree = "<group>";
		};
		E9C9D78C22C978DC00C0B59E /* LaunchScreen.storyboard */ = {
			isa = PBXVariantGroup;
			children = (
				E9C9D78D22C978DC00C0B59E /* Base */,
			);
			name = LaunchScreen.storyboard;
			sourceTree = "<group>";
		};
/* End PBXVariantGroup section */

/* Begin XCBuildConfiguration section */
		E9C9D79022C978DC00C0B59E /* Debug */ = {
			isa = XCBuildConfiguration;
			buildSettings = {
				ALWAYS_SEARCH_USER_PATHS = NO;
				CLANG_ANALYZER_NONNULL = YES;
				CLANG_ANALYZER_NUMBER_OBJECT_CONVERSION = YES_AGGRESSIVE;
				CLANG_CXX_LANGUAGE_STANDARD = "gnu++14";
				CLANG_CXX_LIBRARY = "libc++";
				CLANG_ENABLE_MODULES = YES;
				CLANG_ENABLE_OBJC_ARC = YES;
				CLANG_ENABLE_OBJC_WEAK = YES;
				CLANG_WARN_BLOCK_CAPTURE_AUTORELEASING = YES;
				CLANG_WARN_BOOL_CONVERSION = YES;
				CLANG_WARN_COMMA = YES;
				CLANG_WARN_CONSTANT_CONVERSION = YES;
				CLANG_WARN_DEPRECATED_OBJC_IMPLEMENTATIONS = YES;
				CLANG_WARN_DIRECT_OBJC_ISA_USAGE = YES_ERROR;
				CLANG_WARN_DOCUMENTATION_COMMENTS = YES;
				CLANG_WARN_EMPTY_BODY = YES;
				CLANG_WARN_ENUM_CONVERSION = YES;
				CLANG_WARN_INFINITE_RECURSION = YES;
				CLANG_WARN_INT_CONVERSION = YES;
				CLANG_WARN_NON_LITERAL_NULL_CONVERSION = YES;
				CLANG_WARN_OBJC_IMPLICIT_RETAIN_SELF = YES;
				CLANG_WARN_OBJC_LITERAL_CONVERSION = YES;
				CLANG_WARN_OBJC_ROOT_CLASS = YES_ERROR;
				CLANG_WARN_RANGE_LOOP_ANALYSIS = YES;
				CLANG_WARN_STRICT_PROTOTYPES = YES;
				CLANG_WARN_SUSPICIOUS_MOVE = YES;
				CLANG_WARN_UNGUARDED_AVAILABILITY = YES_AGGRESSIVE;
				CLANG_WARN_UNREACHABLE_CODE = YES;
				CLANG_WARN__DUPLICATE_METHOD_MATCH = YES;
				CODE_SIGN_IDENTITY = "iPhone Developer";
				COPY_PHASE_STRIP = NO;
				DEBUG_INFORMATION_FORMAT = dwarf;
				ENABLE_STRICT_OBJC_MSGSEND = YES;
				ENABLE_TESTABILITY = YES;
				GCC_C_LANGUAGE_STANDARD = gnu11;
				GCC_DYNAMIC_NO_PIC = NO;
				GCC_NO_COMMON_BLOCKS = YES;
				GCC_OPTIMIZATION_LEVEL = 0;
				GCC_PREPROCESSOR_DEFINITIONS = (
					"DEBUG=1",
					"$(inherited)",
				);
				GCC_WARN_64_TO_32_BIT_CONVERSION = YES;
				GCC_WARN_ABOUT_RETURN_TYPE = YES_ERROR;
				GCC_WARN_UNDECLARED_SELECTOR = YES;
				GCC_WARN_UNINITIALIZED_AUTOS = YES_AGGRESSIVE;
				GCC_WARN_UNUSED_FUNCTION = YES;
				GCC_WARN_UNUSED_VARIABLE = YES;
				IPHONEOS_DEPLOYMENT_TARGET = 12.2;
				MTL_ENABLE_DEBUG_INFO = INCLUDE_SOURCE;
				MTL_FAST_MATH = YES;
				ONLY_ACTIVE_ARCH = YES;
				SDKROOT = iphoneos;
				SWIFT_ACTIVE_COMPILATION_CONDITIONS = DEBUG;
				SWIFT_OPTIMIZATION_LEVEL = "-Onone";
			};
			name = Debug;
		};
		E9C9D79122C978DC00C0B59E /* Release */ = {
			isa = XCBuildConfiguration;
			buildSettings = {
				ALWAYS_SEARCH_USER_PATHS = NO;
				CLANG_ANALYZER_NONNULL = YES;
				CLANG_ANALYZER_NUMBER_OBJECT_CONVERSION = YES_AGGRESSIVE;
				CLANG_CXX_LANGUAGE_STANDARD = "gnu++14";
				CLANG_CXX_LIBRARY = "libc++";
				CLANG_ENABLE_MODULES = YES;
				CLANG_ENABLE_OBJC_ARC = YES;
				CLANG_ENABLE_OBJC_WEAK = YES;
				CLANG_WARN_BLOCK_CAPTURE_AUTORELEASING = YES;
				CLANG_WARN_BOOL_CONVERSION = YES;
				CLANG_WARN_COMMA = YES;
				CLANG_WARN_CONSTANT_CONVERSION = YES;
				CLANG_WARN_DEPRECATED_OBJC_IMPLEMENTATIONS = YES;
				CLANG_WARN_DIRECT_OBJC_ISA_USAGE = YES_ERROR;
				CLANG_WARN_DOCUMENTATION_COMMENTS = YES;
				CLANG_WARN_EMPTY_BODY = YES;
				CLANG_WARN_ENUM_CONVERSION = YES;
				CLANG_WARN_INFINITE_RECURSION = YES;
				CLANG_WARN_INT_CONVERSION = YES;
				CLANG_WARN_NON_LITERAL_NULL_CONVERSION = YES;
				CLANG_WARN_OBJC_IMPLICIT_RETAIN_SELF = YES;
				CLANG_WARN_OBJC_LITERAL_CONVERSION = YES;
				CLANG_WARN_OBJC_ROOT_CLASS = YES_ERROR;
				CLANG_WARN_RANGE_LOOP_ANALYSIS = YES;
				CLANG_WARN_STRICT_PROTOTYPES = YES;
				CLANG_WARN_SUSPICIOUS_MOVE = YES;
				CLANG_WARN_UNGUARDED_AVAILABILITY = YES_AGGRESSIVE;
				CLANG_WARN_UNREACHABLE_CODE = YES;
				CLANG_WARN__DUPLICATE_METHOD_MATCH = YES;
				CODE_SIGN_IDENTITY = "iPhone Developer";
				COPY_PHASE_STRIP = NO;
				DEBUG_INFORMATION_FORMAT = "dwarf-with-dsym";
				ENABLE_NS_ASSERTIONS = NO;
				ENABLE_STRICT_OBJC_MSGSEND = YES;
				GCC_C_LANGUAGE_STANDARD = gnu11;
				GCC_NO_COMMON_BLOCKS = YES;
				GCC_WARN_64_TO_32_BIT_CONVERSION = YES;
				GCC_WARN_ABOUT_RETURN_TYPE = YES_ERROR;
				GCC_WARN_UNDECLARED_SELECTOR = YES;
				GCC_WARN_UNINITIALIZED_AUTOS = YES_AGGRESSIVE;
				GCC_WARN_UNUSED_FUNCTION = YES;
				GCC_WARN_UNUSED_VARIABLE = YES;
				IPHONEOS_DEPLOYMENT_TARGET = 12.2;
				MTL_ENABLE_DEBUG_INFO = NO;
				MTL_FAST_MATH = YES;
				SDKROOT = iphoneos;
				SWIFT_COMPILATION_MODE = wholemodule;
				SWIFT_OPTIMIZATION_LEVEL = "-O";
				VALIDATE_PRODUCT = YES;
			};
			name = Release;
		};
		E9C9D79322C978DC00C0B59E /* Debug */ = {
			isa = XCBuildConfiguration;
			buildSettings = {
				ASSETCATALOG_COMPILER_APPICON_NAME = AppIcon;
				CODE_SIGN_STYLE = Automatic;
				INFOPLIST_FILE = VirtualTourist/Info.plist;
				LD_RUNPATH_SEARCH_PATHS = (
					"$(inherited)",
					"@executable_path/Frameworks",
				);
				PRODUCT_BUNDLE_IDENTIFIER = com.Udacity.VirtualTourist;
				PRODUCT_NAME = "$(TARGET_NAME)";
				SWIFT_VERSION = 5.0;
				TARGETED_DEVICE_FAMILY = "1,2";
			};
			name = Debug;
		};
		E9C9D79422C978DC00C0B59E /* Release */ = {
			isa = XCBuildConfiguration;
			buildSettings = {
				ASSETCATALOG_COMPILER_APPICON_NAME = AppIcon;
				CODE_SIGN_STYLE = Automatic;
				INFOPLIST_FILE = VirtualTourist/Info.plist;
				LD_RUNPATH_SEARCH_PATHS = (
					"$(inherited)",
					"@executable_path/Frameworks",
				);
				PRODUCT_BUNDLE_IDENTIFIER = com.Udacity.VirtualTourist;
				PRODUCT_NAME = "$(TARGET_NAME)";
				SWIFT_VERSION = 5.0;
				TARGETED_DEVICE_FAMILY = "1,2";
			};
			name = Release;
		};
/* End XCBuildConfiguration section */

/* Begin XCConfigurationList section */
		E9C9D77B22C978DA00C0B59E /* Build configuration list for PBXProject "VirtualTourist" */ = {
			isa = XCConfigurationList;
			buildConfigurations = (
				E9C9D79022C978DC00C0B59E /* Debug */,
				E9C9D79122C978DC00C0B59E /* Release */,
			);
			defaultConfigurationIsVisible = 0;
			defaultConfigurationName = Release;
		};
		E9C9D79222C978DC00C0B59E /* Build configuration list for PBXNativeTarget "VirtualTourist" */ = {
			isa = XCConfigurationList;
			buildConfigurations = (
				E9C9D79322C978DC00C0B59E /* Debug */,
				E9C9D79422C978DC00C0B59E /* Release */,
			);
			defaultConfigurationIsVisible = 0;
			defaultConfigurationName = Release;
		};
/* End XCConfigurationList section */

/* Begin XCVersionGroup section */
		E9C9D7A122CA33A100C0B59E /* Virtual-Tourist.xcdatamodeld */ = {
			isa = XCVersionGroup;
			children = (
				E9C9D7A222CA33A100C0B59E /* Virtual-Tourist.xcdatamodel */,
			);
			currentVersion = E9C9D7A222CA33A100C0B59E /* Virtual-Tourist.xcdatamodel */;
			path = "Virtual-Tourist.xcdatamodeld";
			sourceTree = "<group>";
			versionGroupType = wrapper.xcdatamodel;
		};
/* End XCVersionGroup section */
	};
	rootObject = E9C9D77822C978DA00C0B59E /* Project object */;
}
